Microsoft Visual Studio Solution File, Format Version 12.00
# Visual Studio 2013
VisualStudioVersion = 12.0.40629.0
MinimumVisualStudioVersion = 10.0.40219.1
Project("{8BC9CEB8-8B4A-11D0-8D11-00A0C91BC942}") = "ALL_BUILD", "ALL_BUILD.vcxproj", "{B070C4AD-20FC-3831-88F9-04CBF2E91B24}"
	ProjectSection(ProjectDependencies) = postProject
		{6AF77C29-B016-3B5F-9492-D327E794F11D} = {6AF77C29-B016-3B5F-9492-D327E794F11D}
		{CFF5D187-4AD6-32E4-B5B5-D333A333BC88} = {CFF5D187-4AD6-32E4-B5B5-D333A333BC88}
		{3EE53F5B-FCE5-3C06-A592-D9C21D1BB757} = {3EE53F5B-FCE5-3C06-A592-D9C21D1BB757}
		{EDB5156D-8F9C-3240-B3FE-DAE59AFF5DB2} = {EDB5156D-8F9C-3240-B3FE-DAE59AFF5DB2}
		{FB2172EB-6F09-3339-B565-06143DA4F1C5} = {FB2172EB-6F09-3339-B565-06143DA4F1C5}
		{FD4C5361-CBE7-37EF-B172-931AA8727DBF} = {FD4C5361-CBE7-37EF-B172-931AA8727DBF}
	EndProjectSection
EndProject
Project("{8BC9CEB8-8B4A-11D0-8D11-00A0C91BC942}") = "INSTALL", "INSTALL.vcxproj", "{F01D299E-E020-3673-B2E1-202E6AB07508}"
	ProjectSection(ProjectDependencies) = postProject
		{B070C4AD-20FC-3831-88F9-04CBF2E91B24} = {B070C4AD-20FC-3831-88F9-04CBF2E91B24}
		{6AF77C29-B016-3B5F-9492-D327E794F11D} = {6AF77C29-B016-3B5F-9492-D327E794F11D}
	EndProjectSection
EndProject
Project("{8BC9CEB8-8B4A-11D0-8D11-00A0C91BC942}") = "ZERO_CHECK", "ZERO_CHECK.vcxproj", "{6AF77C29-B016-3B5F-9492-D327E794F11D}"
EndProject
Project("{8BC9CEB8-8B4A-11D0-8D11-00A0C91BC942}") = "js_embed", "js_embed.vcxproj", "{CFF5D187-4AD6-32E4-B5B5-D333A333BC88}"
	ProjectSection(ProjectDependencies) = postProject
		{6AF77C29-B016-3B5F-9492-D327E794F11D} = {6AF77C29-B016-3B5F-9492-D327E794F11D}
	EndProjectSection
EndProject
Project("{8BC9CEB8-8B4A-11D0-8D11-00A0C91BC942}") = "libprotobuf", "libprotobuf.vcxproj", "{3EE53F5B-FCE5-3C06-A592-D9C21D1BB757}"
	ProjectSection(ProjectDependencies) = postProject
		{6AF77C29-B016-3B5F-9492-D327E794F11D} = {6AF77C29-B016-3B5F-9492-D327E794F11D}
	EndProjectSection
EndProject
Project("{8BC9CEB8-8B4A-11D0-8D11-00A0C91BC942}") = "libprotobuf-lite", "libprotobuf-lite.vcxproj", "{EDB5156D-8F9C-3240-B3FE-DAE59AFF5DB2}"
	ProjectSection(ProjectDependencies) = postProject
		{6AF77C29-B016-3B5F-9492-D327E794F11D} = {6AF77C29-B016-3B5F-9492-D327E794F11D}
	EndProjectSection
EndProject
Project("{8BC9CEB8-8B4A-11D0-8D11-00A0C91BC942}") = "libprotoc", "libprotoc.vcxproj", "{FB2172EB-6F09-3339-B565-06143DA4F1C5}"
	ProjectSection(ProjectDependencies) = postProject
		{6AF77C29-B016-3B5F-9492-D327E794F11D} = {6AF77C29-B016-3B5F-9492-D327E794F11D}
		{CFF5D187-4AD6-32E4-B5B5-D333A333BC88} = {CFF5D187-4AD6-32E4-B5B5-D333A333BC88}
		{3EE53F5B-FCE5-3C06-A592-D9C21D1BB757} = {3EE53F5B-FCE5-3C06-A592-D9C21D1BB757}
	EndProjectSection
EndProject
Project("{8BC9CEB8-8B4A-11D0-8D11-00A0C91BC942}") = "protoc", "protoc.vcxproj", "{FD4C5361-CBE7-37EF-B172-931AA8727DBF}"
	ProjectSection(ProjectDependencies) = postProject
		{6AF77C29-B016-3B5F-9492-D327E794F11D} = {6AF77C29-B016-3B5F-9492-D327E794F11D}
		{3EE53F5B-FCE5-3C06-A592-D9C21D1BB757} = {3EE53F5B-FCE5-3C06-A592-D9C21D1BB757}
		{FB2172EB-6F09-3339-B565-06143DA4F1C5} = {FB2172EB-6F09-3339-B565-06143DA4F1C5}
	EndProjectSection
EndProject
Global
	GlobalSection(SolutionConfigurationPlatforms) = preSolution
		Debug|Win32 = Debug|Win32
		Debug|x64 = Debug|x64
		MinSizeRel|Win32 = MinSizeRel|Win32
		MinSizeRel|x64 = MinSizeRel|x64
		Release|Win32 = Release|Win32
		Release|x64 = Release|x64
		RelWithDebInfo|Win32 = RelWithDebInfo|Win32
		RelWithDebInfo|x64 = RelWithDebInfo|x64
	EndGlobalSection
	GlobalSection(ProjectConfigurationPlatforms) = postSolution
		{B070C4AD-20FC-3831-88F9-04CBF2E91B24}.Debug|Win32.ActiveCfg = Debug|Win32
		{B070C4AD-20FC-3831-88F9-04CBF2E91B24}.Debug|Win32.Build.0 = Debug|Win32
		{B070C4AD-20FC-3831-88F9-04CBF2E91B24}.Debug|x64.ActiveCfg = Debug|x64
		{B070C4AD-20FC-3831-88F9-04CBF2E91B24}.Debug|x64.Build.0 = Debug|x64
		{B070C4AD-20FC-3831-88F9-04CBF2E91B24}.MinSizeRel|Win32.ActiveCfg = MinSizeRel|Win32
		{B070C4AD-20FC-3831-88F9-04CBF2E91B24}.MinSizeRel|Win32.Build.0 = MinSizeRel|Win32
		{B070C4AD-20FC-3831-88F9-04CBF2E91B24}.MinSizeRel|x64.ActiveCfg = MinSizeRel|x64
		{B070C4AD-20FC-3831-88F9-04CBF2E91B24}.MinSizeRel|x64.Build.0 = MinSizeRel|x64
		{B070C4AD-20FC-3831-88F9-04CBF2E91B24}.Release|Win32.ActiveCfg = Release|Win32
		{B070C4AD-20FC-3831-88F9-04CBF2E91B24}.Release|Win32.Build.0 = Release|Win32
		{B070C4AD-20FC-3831-88F9-04CBF2E91B24}.Release|x64.ActiveCfg = Release|x64
		{B070C4AD-20FC-3831-88F9-04CBF2E91B24}.Release|x64.Build.0 = Release|x64
		{B070C4AD-20FC-3831-88F9-04CBF2E91B24}.RelWithDebInfo|Win32.ActiveCfg = RelWithDebInfo|Win32
		{B070C4AD-20FC-3831-88F9-04CBF2E91B24}.RelWithDebInfo|Win32.Build.0 = RelWithDebInfo|Win32
		{B070C4AD-20FC-3831-88F9-04CBF2E91B24}.RelWithDebInfo|x64.ActiveCfg = RelWithDebInfo|x64
		{B070C4AD-20FC-3831-88F9-04CBF2E91B24}.RelWithDebInfo|x64.Build.0 = RelWithDebInfo|x64
		{F01D299E-E020-3673-B2E1-202E6AB07508}.Debug|Win32.ActiveCfg = Debug|Win32
		{F01D299E-E020-3673-B2E1-202E6AB07508}.Debug|x64.ActiveCfg = Debug|x64
		{F01D299E-E020-3673-B2E1-202E6AB07508}.MinSizeRel|Win32.ActiveCfg = MinSizeRel|Win32
		{F01D299E-E020-3673-B2E1-202E6AB07508}.MinSizeRel|x64.ActiveCfg = MinSizeRel|x64
		{F01D299E-E020-3673-B2E1-202E6AB07508}.Release|Win32.ActiveCfg = Release|Win32
		{F01D299E-E020-3673-B2E1-202E6AB07508}.Release|x64.ActiveCfg = Release|x64
		{F01D299E-E020-3673-B2E1-202E6AB07508}.RelWithDebInfo|Win32.ActiveCfg = RelWithDebInfo|Win32
		{F01D299E-E020-3673-B2E1-202E6AB07508}.RelWithDebInfo|x64.ActiveCfg = RelWithDebInfo|x64
		{6AF77C29-B016-3B5F-9492-D327E794F11D}.Debug|Win32.ActiveCfg = Debug|Win32
		{6AF77C29-B016-3B5F-9492-D327E794F11D}.Debug|Win32.Build.0 = Debug|Win32
		{6AF77C29-B016-3B5F-9492-D327E794F11D}.Debug|x64.ActiveCfg = Debug|x64
		{6AF77C29-B016-3B5F-9492-D327E794F11D}.Debug|x64.Build.0 = Debug|x64
		{6AF77C29-B016-3B5F-9492-D327E794F11D}.MinSizeRel|Win32.ActiveCfg = MinSizeRel|Win32
		{6AF77C29-B016-3B5F-9492-D327E794F11D}.MinSizeRel|Win32.Build.0 = MinSizeRel|Win32
		{6AF77C29-B016-3B5F-9492-D327E794F11D}.MinSizeRel|x64.ActiveCfg = MinSizeRel|x64
		{6AF77C29-B016-3B5F-9492-D327E794F11D}.MinSizeRel|x64.Build.0 = MinSizeRel|x64
		{6AF77C29-B016-3B5F-9492-D327E794F11D}.Release|Win32.ActiveCfg = Release|Win32
		{6AF77C29-B016-3B5F-9492-D327E794F11D}.Release|Win32.Build.0 = Release|Win32
		{6AF77C29-B016-3B5F-9492-D327E794F11D}.Release|x64.ActiveCfg = Release|x64
		{6AF77C29-B016-3B5F-9492-D327E794F11D}.Release|x64.Build.0 = Release|x64
		{6AF77C29-B016-3B5F-9492-D327E794F11D}.RelWithDebInfo|Win32.ActiveCfg = RelWithDebInfo|Win32
		{6AF77C29-B016-3B5F-9492-D327E794F11D}.RelWithDebInfo|Win32.Build.0 = RelWithDebInfo|Win32
		{6AF77C29-B016-3B5F-9492-D327E794F11D}.RelWithDebInfo|x64.ActiveCfg = RelWithDebInfo|x64
		{6AF77C29-B016-3B5F-9492-D327E794F11D}.RelWithDebInfo|x64.Build.0 = RelWithDebInfo|x64
		{CFF5D187-4AD6-32E4-B5B5-D333A333BC88}.Debug|Win32.ActiveCfg = Debug|Win32
		{CFF5D187-4AD6-32E4-B5B5-D333A333BC88}.Debug|Win32.Build.0 = Debug|Win32
		{CFF5D187-4AD6-32E4-B5B5-D333A333BC88}.Debug|x64.ActiveCfg = Debug|x64
		{CFF5D187-4AD6-32E4-B5B5-D333A333BC88}.Debug|x64.Build.0 = Debug|x64
		{CFF5D187-4AD6-32E4-B5B5-D333A333BC88}.MinSizeRel|Win32.ActiveCfg = MinSizeRel|Win32
		{CFF5D187-4AD6-32E4-B5B5-D333A333BC88}.MinSizeRel|Win32.Build.0 = MinSizeRel|Win32
		{CFF5D187-4AD6-32E4-B5B5-D333A333BC88}.MinSizeRel|x64.ActiveCfg = MinSizeRel|x64
		{CFF5D187-4AD6-32E4-B5B5-D333A333BC88}.MinSizeRel|x64.Build.0 = MinSizeRel|x64
		{CFF5D187-4AD6-32E4-B5B5-D333A333BC88}.Release|Win32.ActiveCfg = Release|Win32
		{CFF5D187-4AD6-32E4-B5B5-D333A333BC88}.Release|Win32.Build.0 = Release|Win32
		{CFF5D187-4AD6-32E4-B5B5-D333A333BC88}.Release|x64.ActiveCfg = Release|x64
		{CFF5D187-4AD6-32E4-B5B5-D333A333BC88}.Release|x64.Build.0 = Release|x64
		{CFF5D187-4AD6-32E4-B5B5-D333A333BC88}.RelWithDebInfo|Win32.ActiveCfg = RelWithDebInfo|Win32
		{CFF5D187-4AD6-32E4-B5B5-D333A333BC88}.RelWithDebInfo|Win32.Build.0 = RelWithDebInfo|Win32
		{CFF5D187-4AD6-32E4-B5B5-D333A333BC88}.RelWithDebInfo|x64.ActiveCfg = RelWithDebInfo|x64
		{CFF5D187-4AD6-32E4-B5B5-D333A333BC88}.RelWithDebInfo|x64.Build.0 = RelWithDebInfo|x64
		{3EE53F5B-FCE5-3C06-A592-D9C21D1BB757}.Debug|Win32.ActiveCfg = Debug|Win32
		{3EE53F5B-FCE5-3C06-A592-D9C21D1BB757}.Debug|Win32.Build.0 = Debug|Win32
		{3EE53F5B-FCE5-3C06-A592-D9C21D1BB757}.Debug|x64.ActiveCfg = Debug|x64
		{3EE53F5B-FCE5-3C06-A592-D9C21D1BB757}.Debug|x64.Build.0 = Debug|x64
		{3EE53F5B-FCE5-3C06-A592-D9C21D1BB757}.MinSizeRel|Win32.ActiveCfg = MinSizeRel|Win32
		{3EE53F5B-FCE5-3C06-A592-D9C21D1BB757}.MinSizeRel|Win32.Build.0 = MinSizeRel|Win32
		{3EE53F5B-FCE5-3C06-A592-D9C21D1BB757}.MinSizeRel|x64.ActiveCfg = MinSizeRel|x64
		{3EE53F5B-FCE5-3C06-A592-D9C21D1BB757}.MinSizeRel|x64.Build.0 = MinSizeRel|x64
		{3EE53F5B-FCE5-3C06-A592-D9C21D1BB757}.Release|Win32.ActiveCfg = Release|Win32
		{3EE53F5B-FCE5-3C06-A592-D9C21D1BB757}.Release|Win32.Build.0 = Release|Win32
		{3EE53F5B-FCE5-3C06-A592-D9C21D1BB757}.Release|x64.ActiveCfg = Release|x64
		{3EE53F5B-FCE5-3C06-A592-D9C21D1BB757}.Release|x64.Build.0 = Release|x64
		{3EE53F5B-FCE5-3C06-A592-D9C21D1BB757}.RelWithDebInfo|Win32.ActiveCfg = RelWithDebInfo|Win32
		{3EE53F5B-FCE5-3C06-A592-D9C21D1BB757}.RelWithDebInfo|Win32.Build.0 = RelWithDebInfo|Win32
		{3EE53F5B-FCE5-3C06-A592-D9C21D1BB757}.RelWithDebInfo|x64.ActiveCfg = RelWithDebInfo|x64
		{3EE53F5B-FCE5-3C06-A592-D9C21D1BB757}.RelWithDebInfo|x64.Build.0 = RelWithDebInfo|x64
		{EDB5156D-8F9C-3240-B3FE-DAE59AFF5DB2}.Debug|Win32.ActiveCfg = Debug|Win32
		{EDB5156D-8F9C-3240-B3FE-DAE59AFF5DB2}.Debug|Win32.Build.0 = Debug|Win32
		{EDB5156D-8F9C-3240-B3FE-DAE59AFF5DB2}.Debug|x64.ActiveCfg = Debug|x64
		{EDB5156D-8F9C-3240-B3FE-DAE59AFF5DB2}.Debug|x64.Build.0 = Debug|x64
		{EDB5156D-8F9C-3240-B3FE-DAE59AFF5DB2}.MinSizeRel|Win32.ActiveCfg = MinSizeRel|Win32
		{EDB5156D-8F9C-3240-B3FE-DAE59AFF5DB2}.MinSizeRel|Win32.Build.0 = MinSizeRel|Win32
		{EDB5156D-8F9C-3240-B3FE-DAE59AFF5DB2}.MinSizeRel|x64.ActiveCfg = MinSizeRel|x64
		{EDB5156D-8F9C-3240-B3FE-DAE59AFF5DB2}.MinSizeRel|x64.Build.0 = MinSizeRel|x64
		{EDB5156D-8F9C-3240-B3FE-DAE59AFF5DB2}.Release|Win32.ActiveCfg = Release|Win32
		{EDB5156D-8F9C-3240-B3FE-DAE59AFF5DB2}.Release|Win32.Build.0 = Release|Win32
		{EDB5156D-8F9C-3240-B3FE-DAE59AFF5DB2}.Release|x64.ActiveCfg = Release|x64
		{EDB5156D-8F9C-3240-B3FE-DAE59AFF5DB2}.Release|x64.Build.0 = Release|x64
		{EDB5156D-8F9C-3240-B3FE-DAE59AFF5DB2}.RelWithDebInfo|Win32.ActiveCfg = RelWithDebInfo|Win32
		{EDB5156D-8F9C-3240-B3FE-DAE59AFF5DB2}.RelWithDebInfo|Win32.Build.0 = RelWithDebInfo|Win32
		{EDB5156D-8F9C-3240-B3FE-DAE59AFF5DB2}.RelWithDebInfo|x64.ActiveCfg = RelWithDebInfo|x64
		{EDB5156D-8F9C-3240-B3FE-DAE59AFF5DB2}.RelWithDebInfo|x64.Build.0 = RelWithDebInfo|x64
		{FB2172EB-6F09-3339-B565-06143DA4F1C5}.Debug|Win32.ActiveCfg = Debug|Win32
		{FB2172EB-6F09-3339-B565-06143DA4F1C5}.Debug|Win32.Build.0 = Debug|Win32
		{FB2172EB-6F09-3339-B565-06143DA4F1C5}.Debug|x64.ActiveCfg = Debug|x64
		{FB2172EB-6F09-3339-B565-06143DA4F1C5}.Debug|x64.Build.0 = Debug|x64
		{FB2172EB-6F09-3339-B565-06143DA4F1C5}.MinSizeRel|Win32.ActiveCfg = MinSizeRel|Win32
		{FB2172EB-6F09-3339-B565-06143DA4F1C5}.MinSizeRel|Win32.Build.0 = MinSizeRel|Win32
		{FB2172EB-6F09-3339-B565-06143DA4F1C5}.MinSizeRel|x64.ActiveCfg = MinSizeRel|x64
		{FB2172EB-6F09-3339-B565-06143DA4F1C5}.MinSizeRel|x64.Build.0 = MinSizeRel|x64
		{FB2172EB-6F09-3339-B565-06143DA4F1C5}.Release|Win32.ActiveCfg = Release|Win32
		{FB2172EB-6F09-3339-B565-06143DA4F1C5}.Release|Win32.Build.0 = Release|Win32
		{FB2172EB-6F09-3339-B565-06143DA4F1C5}.Release|x64.ActiveCfg = Release|x64
		{FB2172EB-6F09-3339-B565-06143DA4F1C5}.Release|x64.Build.0 = Release|x64
		{FB2172EB-6F09-3339-B565-06143DA4F1C5}.RelWithDebInfo|Win32.ActiveCfg = RelWithDebInfo|Win32
		{FB2172EB-6F09-3339-B565-06143DA4F1C5}.RelWithDebInfo|Win32.Build.0 = RelWithDebInfo|Win32
		{FB2172EB-6F09-3339-B565-06143DA4F1C5}.RelWithDebInfo|x64.ActiveCfg = RelWithDebInfo|x64
		{FB2172EB-6F09-3339-B565-06143DA4F1C5}.RelWithDebInfo|x64.Build.0 = RelWithDebInfo|x64
		{FD4C5361-CBE7-37EF-B172-931AA8727DBF}.Debug|Win32.ActiveCfg = Debug|Win32
		{FD4C5361-CBE7-37EF-B172-931AA8727DBF}.Debug|Win32.Build.0 = Debug|Win32
		{FD4C5361-CBE7-37EF-B172-931AA8727DBF}.Debug|x64.ActiveCfg = Debug|x64
		{FD4C5361-CBE7-37EF-B172-931AA8727DBF}.Debug|x64.Build.0 = Debug|x64
		{FD4C5361-CBE7-37EF-B172-931AA8727DBF}.MinSizeRel|Win32.ActiveCfg = MinSizeRel|Win32
		{FD4C5361-CBE7-37EF-B172-931AA8727DBF}.MinSizeRel|Win32.Build.0 = MinSizeRel|Win32
		{FD4C5361-CBE7-37EF-B172-931AA8727DBF}.MinSizeRel|x64.ActiveCfg = MinSizeRel|x64
		{FD4C5361-CBE7-37EF-B172-931AA8727DBF}.MinSizeRel|x64.Build.0 = MinSizeRel|x64
		{FD4C5361-CBE7-37EF-B172-931AA8727DBF}.Release|Win32.ActiveCfg = Release|Win32
		{FD4C5361-CBE7-37EF-B172-931AA8727DBF}.Release|Win32.Build.0 = Release|Win32
		{FD4C5361-CBE7-37EF-B172-931AA8727DBF}.Release|x64.ActiveCfg = Release|x64
		{FD4C5361-CBE7-37EF-B172-931AA8727DBF}.Release|x64.Build.0 = Release|x64
		{FD4C5361-CBE7-37EF-B172-931AA8727DBF}.RelWithDebInfo|Win32.ActiveCfg = RelWithDebInfo|Win32
		{FD4C5361-CBE7-37EF-B172-931AA8727DBF}.RelWithDebInfo|Win32.Build.0 = RelWithDebInfo|Win32
		{FD4C5361-CBE7-37EF-B172-931AA8727DBF}.RelWithDebInfo|x64.ActiveCfg = RelWithDebInfo|x64
		{FD4C5361-CBE7-37EF-B172-931AA8727DBF}.RelWithDebInfo|x64.Build.0 = RelWithDebInfo|x64
	EndGlobalSection
	GlobalSection(SolutionProperties) = preSolution
		HideSolutionNode = FALSE
	EndGlobalSection
EndGlobal
